
Microsoft Visual Studio Solution File, Format Version 12.00
# Visual Studio 15
VisualStudioVersion = 15.0.28010.2016
MinimumVisualStudioVersion = 10.0.40219.1
Project("{FAE04EC0-301F-11D3-BF4B-00C04F79EFBC}") = "Agenda", "Agenda\Agenda.csproj", "{80CF00D9-042A-4CF1-8F65-77C0EB11E2BF}"
EndProject
Global
	GlobalSection(SolutionConfigurationPlatforms) = preSolution
		Debug|Any CPU = Debug|Any CPU
		Release|Any CPU = Release|Any CPU
	EndGlobalSection
	GlobalSection(ProjectConfigurationPlatforms) = postSolution
		{80CF00D9-042A-4CF1-8F65-77C0EB11E2BF}.Debug|Any CPU.ActiveCfg = Debug|Any CPU
		{80CF00D9-042A-4CF1-8F65-77C0EB11E2BF}.Debug|Any CPU.Build.0 = Debug|Any CPU
		{80CF00D9-042A-4CF1-8F65-77C0EB11E2BF}.Release|Any CPU.ActiveCfg = Release|Any CPU
		{80CF00D9-042A-4CF1-8F65-77C0EB11E2BF}.Release|Any CPU.Build.0 = Release|Any CPU
	EndGlobalSection
	GlobalSection(SolutionProperties) = preSolution
		HideSolutionNode = FALSE
	EndGlobalSection
	GlobalSection(ExtensibilityGlobals) = postSolution
		SolutionGuid = {92EB1DB3-849E-41C2-ABEA-97CA45D810A2}
	EndGlobalSection
EndGlobal
